<?xml version="1.0" encoding="utf-8"?>
<Project ToolsVersion="4.0" xmlns="http://schemas.microsoft.com/developer/msbuild/2003">
  <ItemGroup>
    <Filter Include="Source Files">
      <UniqueIdentifier>{4FC737F1-C7A5-4376-A066-2A32D752A2FF}</UniqueIdentifier>
      <Extensions>cpp;c;cc;cxx;c++;cppm;ixx;def;odl;idl;hpj;bat;asm;asmx</Extensions>
    </Filter>
    <Filter Include="Header Files">
      <UniqueIdentifier>{93995380-89BD-4b04-88EB-625FBE52EBFB}</UniqueIdentifier>
      <Extensions>h;hh;hpp;hxx;h++;hm;inl;inc;ipp;xsd</Extensions>
    </Filter>
    <Filter Include="Resource Files">
      <UniqueIdentifier>{67DA6AB6-F800-4c08-8B7A-83BB121AAD01}</UniqueIdentifier>
      <Extensions>rc;ico;cur;bmp;dlg;rc2;rct;bin;rgs;gif;jpg;jpeg;jpe;resx;tiff;tif;png;wav;mfcribbon-ms</Extensions>
    </Filter>
    <Filter Include="Source Files\hooking">
      <UniqueIdentifier>{dff32eb9-31df-4a49-8193-66f9361c47a7}</UniqueIdentifier>
    </Filter>
    <Filter Include="Source Files\addresses">
      <UniqueIdentifier>{6c2484e8-31ee-4914-bb57-a0a350161b17}</UniqueIdentifier>
    </Filter>
    <Filter Include="Source Files\modules">
      <UniqueIdentifier>{c5839c53-cf35-4a52-884d-1c66b52c459d}</UniqueIdentifier>
    </Filter>
    <Filter Include="Source Files\xxhash">
      <UniqueIdentifier>{f879eb5d-28fe-4edb-a298-6e02b688e81a}</UniqueIdentifier>
    </Filter>
    <Filter Include="Source Files\utils">
      <UniqueIdentifier>{953041b9-890d-4c21-b8b9-271aae5a195d}</UniqueIdentifier>
    </Filter>
  </ItemGroup>
  <ItemGroup>
    <ClCompile Include="dllmain.cpp">
      <Filter>Source Files</Filter>
    </ClCompile>
    <ClCompile Include="hooking\hooking.cpp">
      <Filter>Source Files\hooking</Filter>
    </ClCompile>
    <ClCompile Include="modules\modules.cpp">
      <Filter>Source Files\modules</Filter>
    </ClCompile>
    <ClCompile Include="utils\utils.cpp">
      <Filter>Source Files\utils</Filter>
    </ClCompile>
  </ItemGroup>
  <ItemGroup>
    <ClInclude Include="hooking\hooking.hpp">
      <Filter>Source Files\hooking</Filter>
    </ClInclude>
    <ClInclude Include="addresses\addresses.hpp">
      <Filter>Source Files\addresses</Filter>
    </ClInclude>
    <ClInclude Include="modules\modules.hpp">
      <Filter>Source Files\modules</Filter>
    </ClInclude>
    <ClInclude Include="xxhash\xxhash.hpp">
      <Filter>Source Files\xxhash</Filter>
    </ClInclude>
    <ClInclude Include="utils\utils.hpp">
      <Filter>Source Files\utils</Filter>
    </ClInclude>
  </ItemGroup>
</Project>